
Microsoft Visual Studio Solution File, Format Version 12.00
# Visual Studio Version 17
VisualStudioVersion = 17.4.33122.133
MinimumVisualStudioVersion = 10.0.40219.1
Project("{8BC9CEB8-8B4A-11D0-8D11-00A0C91BC942}") = "cluster_points_by_dbscan", "cluster_points_by_dbscan.vcxproj", "{46DAE6BF-36A2-4A8C-92AB-16FCDDAAC1E5}"
EndProject
Global
	GlobalSection(SolutionConfigurationPlatforms) = preSolution
		Debug|x64 = Debug|x64
		Debug|x86 = Debug|x86
		Release|x64 = Release|x64
		Release|x86 = Release|x86
	EndGlobalSection
	GlobalSection(ProjectConfigurationPlatforms) = postSolution
		{46DAE6BF-36A2-4A8C-92AB-16FCDDAAC1E5}.Debug|x64.ActiveCfg = Debug|x64
		{46DAE6BF-36A2-4A8C-92AB-16FCDDAAC1E5}.Debug|x64.Build.0 = Debug|x64
		{46DAE6BF-36A2-4A8C-92AB-16FCDDAAC1E5}.Debug|x86.ActiveCfg = Debug|Win32
		{46DAE6BF-36A2-4A8C-92AB-16FCDDAAC1E5}.Debug|x86.Build.0 = Debug|Win32
		{46DAE6BF-36A2-4A8C-92AB-16FCDDAAC1E5}.Release|x64.ActiveCfg = Release|x64
		{46DAE6BF-36A2-4A8C-92AB-16FCDDAAC1E5}.Release|x64.Build.0 = Release|x64
		{46DAE6BF-36A2-4A8C-92AB-16FCDDAAC1E5}.Release|x86.ActiveCfg = Release|Win32
		{46DAE6BF-36A2-4A8C-92AB-16FCDDAAC1E5}.Release|x86.Build.0 = Release|Win32
	EndGlobalSection
	GlobalSection(SolutionProperties) = preSolution
		HideSolutionNode = FALSE
	EndGlobalSection
	GlobalSection(ExtensibilityGlobals) = postSolution
		SolutionGuid = {BC852120-1949-404A-BE1E-B15B2CDBA7A0}
	EndGlobalSection
EndGlobal
